
Microsoft Visual Studio Solution File, Format Version 12.00
# Visual Studio Version 16
VisualStudioVersion = 16.0.32002.261
MinimumVisualStudioVersion = 10.0.40219.1
Project("{FAE04EC0-301F-11D3-BF4B-00C04F79EFBC}") = "ConsoleApp3", "ConsoleApp3\ConsoleApp3.csproj", "{F1AE802F-C93A-4A92-B6F1-4A1D36CA4CEC}"
EndProject
Global
	GlobalSection(SolutionConfigurationPlatforms) = preSolution
		Debug|Any CPU = Debug|Any CPU
		Release|Any CPU = Release|Any CPU
	EndGlobalSection
	GlobalSection(ProjectConfigurationPlatforms) = postSolution
		{F1AE802F-C93A-4A92-B6F1-4A1D36CA4CEC}.Debug|Any CPU.ActiveCfg = Debug|Any CPU
		{F1AE802F-C93A-4A92-B6F1-4A1D36CA4CEC}.Debug|Any CPU.Build.0 = Debug|Any CPU
		{F1AE802F-C93A-4A92-B6F1-4A1D36CA4CEC}.Release|Any CPU.ActiveCfg = Release|Any CPU
		{F1AE802F-C93A-4A92-B6F1-4A1D36CA4CEC}.Release|Any CPU.Build.0 = Release|Any CPU
	EndGlobalSection
	GlobalSection(SolutionProperties) = preSolution
		HideSolutionNode = FALSE
	EndGlobalSection
	GlobalSection(ExtensibilityGlobals) = postSolution
		SolutionGuid = {53500874-E502-4A11-BB80-C6B5249E41FD}
	EndGlobalSection
EndGlobal
