
Microsoft Visual Studio Solution File, Format Version 12.00
# Visual Studio Version 16
VisualStudioVersion = 16.0.32002.261
MinimumVisualStudioVersion = 10.0.40219.1
Project("{9A19103F-16F7-4668-BE54-9A1E7A4F7556}") = "ConsoleApp3", "ConsoleApp3\ConsoleApp3.csproj", "{F1AE802F-C93A-4A92-B6F1-4A1D36CA4CEC}"
EndProject
Project("{FAE04EC0-301F-11D3-BF4B-00C04F79EFBC}") = "zadacha2", "zadacha2\zadacha2.csproj", "{65217C96-9892-46E5-9E45-D18350FF88DB}"
EndProject
Project("{FAE04EC0-301F-11D3-BF4B-00C04F79EFBC}") = "zadacha3", "zadacha3\zadacha3.csproj", "{4B796E6A-2402-4633-B64C-793CBFD61196}"
EndProject
Project("{FAE04EC0-301F-11D3-BF4B-00C04F79EFBC}") = "ConsoleApp1", "ConsoleApp1\ConsoleApp1.csproj", "{22B55CA0-1F55-4288-AD09-ACF1D19708C6}"
EndProject
Global
	GlobalSection(SolutionConfigurationPlatforms) = preSolution
		Debug|Any CPU = Debug|Any CPU
		Release|Any CPU = Release|Any CPU
	EndGlobalSection
	GlobalSection(ProjectConfigurationPlatforms) = postSolution
		{F1AE802F-C93A-4A92-B6F1-4A1D36CA4CEC}.Debug|Any CPU.ActiveCfg = Debug|Any CPU
		{F1AE802F-C93A-4A92-B6F1-4A1D36CA4CEC}.Debug|Any CPU.Build.0 = Debug|Any CPU
		{F1AE802F-C93A-4A92-B6F1-4A1D36CA4CEC}.Release|Any CPU.ActiveCfg = Release|Any CPU
		{F1AE802F-C93A-4A92-B6F1-4A1D36CA4CEC}.Release|Any CPU.Build.0 = Release|Any CPU
		{65217C96-9892-46E5-9E45-D18350FF88DB}.Debug|Any CPU.ActiveCfg = Debug|Any CPU
		{65217C96-9892-46E5-9E45-D18350FF88DB}.Debug|Any CPU.Build.0 = Debug|Any CPU
		{65217C96-9892-46E5-9E45-D18350FF88DB}.Release|Any CPU.ActiveCfg = Release|Any CPU
		{65217C96-9892-46E5-9E45-D18350FF88DB}.Release|Any CPU.Build.0 = Release|Any CPU
		{4B796E6A-2402-4633-B64C-793CBFD61196}.Debug|Any CPU.ActiveCfg = Debug|Any CPU
		{4B796E6A-2402-4633-B64C-793CBFD61196}.Debug|Any CPU.Build.0 = Debug|Any CPU
		{4B796E6A-2402-4633-B64C-793CBFD61196}.Release|Any CPU.ActiveCfg = Release|Any CPU
		{4B796E6A-2402-4633-B64C-793CBFD61196}.Release|Any CPU.Build.0 = Release|Any CPU
		{22B55CA0-1F55-4288-AD09-ACF1D19708C6}.Debug|Any CPU.ActiveCfg = Debug|Any CPU
		{22B55CA0-1F55-4288-AD09-ACF1D19708C6}.Debug|Any CPU.Build.0 = Debug|Any CPU
		{22B55CA0-1F55-4288-AD09-ACF1D19708C6}.Release|Any CPU.ActiveCfg = Release|Any CPU
		{22B55CA0-1F55-4288-AD09-ACF1D19708C6}.Release|Any CPU.Build.0 = Release|Any CPU
	EndGlobalSection
	GlobalSection(SolutionProperties) = preSolution
		HideSolutionNode = FALSE
	EndGlobalSection
	GlobalSection(ExtensibilityGlobals) = postSolution
		SolutionGuid = {53500874-E502-4A11-BB80-C6B5249E41FD}
	EndGlobalSection
EndGlobal
